<?xml version="1.0" encoding="utf-8"?>
<Project ToolsVersion="4.0" xmlns="http://schemas.microsoft.com/developer/msbuild/2003">
  <ItemGroup>
    <Filter Include="Source Files">
      <UniqueIdentifier>{4FC737F1-C7A5-4376-A066-2A32D752A2FF}</UniqueIdentifier>
      <Extensions>cpp;c;cc;cxx;c++;cppm;ixx;def;odl;idl;hpj;bat;asm;asmx</Extensions>
    </Filter>
    <Filter Include="Header Files">
      <UniqueIdentifier>{93995380-89BD-4b04-88EB-625FBE52EBFB}</UniqueIdentifier>
      <Extensions>h;hh;hpp;hxx;h++;hm;inl;inc;ipp;xsd</Extensions>
    </Filter>
    <Filter Include="Resource Files">
      <UniqueIdentifier>{67DA6AB6-F800-4c08-8B7A-83BB121AAD01}</UniqueIdentifier>
      <Extensions>rc;ico;cur;bmp;dlg;rc2;rct;bin;rgs;gif;jpg;jpeg;jpe;resx;tiff;tif;png;wav;mfcribbon-ms</Extensions>
    </Filter>
    <Filter Include="utils">
      <UniqueIdentifier>{24664a2f-5fc9-44c7-8146-3b96346d08fd}</UniqueIdentifier>
    </Filter>
    <Filter Include="DebugLib">
      <UniqueIdentifier>{91589d13-e654-4c52-b472-4bf214c97f73}</UniqueIdentifier>
    </Filter>
    <Filter Include="Math">
      <UniqueIdentifier>{b8784f06-2940-4a6d-ba98-a604e4cbebd4}</UniqueIdentifier>
    </Filter>
    <Filter Include="Objects">
      <UniqueIdentifier>{506497e3-4484-4916-8ed9-cd8c59e0fb0c}</UniqueIdentifier>
    </Filter>
    <Filter Include="GLSL">
      <UniqueIdentifier>{52747908-282f-4b13-b44e-49fc5c56463a}</UniqueIdentifier>
    </Filter>
    <Filter Include="Render">
      <UniqueIdentifier>{cc6c0ca3-19b7-445c-8141-8c1cd8f50cbd}</UniqueIdentifier>
    </Filter>
  </ItemGroup>
  <ItemGroup>
    <ClCompile Include="main.cpp">
      <Filter>Source Files</Filter>
    </ClCompile>
    <ClCompile Include="utils\Timer.cpp">
      <Filter>utils</Filter>
    </ClCompile>
    <ClCompile Include="Math\vec2.cpp">
      <Filter>Math</Filter>
    </ClCompile>
    <ClCompile Include="Math\vec3.cpp">
      <Filter>Math</Filter>
    </ClCompile>
    <ClCompile Include="Math\mat3.cpp">
      <Filter>Math</Filter>
    </ClCompile>
    <ClCompile Include="Math\mat4.cpp">
      <Filter>Math</Filter>
    </ClCompile>
    <ClCompile Include="Game.cpp">
      <Filter>Source Files</Filter>
    </ClCompile>
    <ClCompile Include="Render\Mesh.cpp">
      <Filter>Render</Filter>
    </ClCompile>
    <ClCompile Include="Render\VertexArray.cpp">
      <Filter>Render</Filter>
    </ClCompile>
    <ClCompile Include="Render\Shader.cpp">
      <Filter>Render</Filter>
    </ClCompile>
    <ClCompile Include="Render\Renderer.cpp">
      <Filter>Render</Filter>
    </ClCompile>
    <ClCompile Include="Objects\GameActor.cpp">
      <Filter>Objects</Filter>
    </ClCompile>
    <ClCompile Include="Render\MeshElement.cpp">
      <Filter>Render</Filter>
    </ClCompile>
    <ClCompile Include="Objects\TempActor.cpp">
      <Filter>Objects</Filter>
    </ClCompile>
    <ClCompile Include="Objects\Camera.cpp">
      <Filter>Objects</Filter>
    </ClCompile>
    <ClCompile Include="Objects\MoveElement.cpp">
      <Filter>Objects</Filter>
    </ClCompile>
    <ClCompile Include="Render\Texture.cpp">
      <Filter>Source Files</Filter>
    </ClCompile>
  </ItemGroup>
  <ItemGroup>
    <ClInclude Include="utils\Timer.h">
      <Filter>utils</Filter>
    </ClInclude>
    <ClInclude Include="DebugLib\DebugOut.h">
      <Filter>DebugLib</Filter>
    </ClInclude>
    <ClInclude Include="DebugLib\GL_Debug.h">
      <Filter>DebugLib</Filter>
    </ClInclude>
    <ClInclude Include="Math\vec2.h">
      <Filter>Math</Filter>
    </ClInclude>
    <ClInclude Include="Math\vec3.h">
      <Filter>Math</Filter>
    </ClInclude>
    <ClInclude Include="Math\MathFunc.h">
      <Filter>Math</Filter>
    </ClInclude>
    <ClInclude Include="Math\mat3.h">
      <Filter>Math</Filter>
    </ClInclude>
    <ClInclude Include="Math\mat4.h">
      <Filter>Math</Filter>
    </ClInclude>
    <ClInclude Include="Math\quaternion.h">
      <Filter>Math</Filter>
    </ClInclude>
    <ClInclude Include="Game.h">
      <Filter>Header Files</Filter>
    </ClInclude>
    <ClInclude Include="Objects\ObjectID.h">
      <Filter>Header Files</Filter>
    </ClInclude>
    <ClInclude Include="Objects\GameActor.h">
      <Filter>Objects</Filter>
    </ClInclude>
    <ClInclude Include="Render\Mesh.h">
      <Filter>Render</Filter>
    </ClInclude>
    <ClInclude Include="Render\VertexArray.h">
      <Filter>Render</Filter>
    </ClInclude>
    <ClInclude Include="Render\Renderer.h">
      <Filter>Render</Filter>
    </ClInclude>
    <ClInclude Include="Render\Shader.h">
      <Filter>Render</Filter>
    </ClInclude>
    <ClInclude Include="Math\Math.h">
      <Filter>Math</Filter>
    </ClInclude>
    <ClInclude Include="Render\MeshElement.h">
      <Filter>Render</Filter>
    </ClInclude>
    <ClInclude Include="Objects\Element.h">
      <Filter>Objects</Filter>
    </ClInclude>
    <ClInclude Include="Objects\TempActor.h">
      <Filter>Objects</Filter>
    </ClInclude>
    <ClInclude Include="utils\PriorityVector.h">
      <Filter>utils</Filter>
    </ClInclude>
    <ClInclude Include="Objects\Camera.h">
      <Filter>Objects</Filter>
    </ClInclude>
    <ClInclude Include="Math\vec4.h">
      <Filter>Math</Filter>
    </ClInclude>
    <ClInclude Include="Objects\MoveElement.h">
      <Filter>Objects</Filter>
    </ClInclude>
    <ClInclude Include="Render\Texture.h">
      <Filter>Render</Filter>
    </ClInclude>
  </ItemGroup>
  <ItemGroup>
    <None Include="GLSL\CommonShader.vert">
      <Filter>GLSL</Filter>
    </None>
    <None Include="GLSL\CommonShader.frag">
      <Filter>GLSL</Filter>
    </None>
    <None Include="GLSL\PhongShader.frag">
      <Filter>GLSL</Filter>
    </None>
    <None Include="GLSL\PhongShader.vert">
      <Filter>GLSL</Filter>
    </None>
  </ItemGroup>
</Project>